
Microsoft Visual Studio Solution File, Format Version 12.00
# Visual Studio Version 17
VisualStudioVersion = 17.5.33502.453
MinimumVisualStudioVersion = 10.0.40219.1
Project("{FAE04EC0-301F-11D3-BF4B-00C04F79EFBC}") = "IFSIMPLE", "IFSIMPLE\IFSIMPLE.csproj", "{D1187116-454F-4111-AA5E-A6453632EF1C}"
EndProject
Global
	GlobalSection(SolutionConfigurationPlatforms) = preSolution
		Debug|Any CPU = Debug|Any CPU
		Release|Any CPU = Release|Any CPU
	EndGlobalSection
	GlobalSection(ProjectConfigurationPlatforms) = postSolution
		{D1187116-454F-4111-AA5E-A6453632EF1C}.Debug|Any CPU.ActiveCfg = Debug|Any CPU
		{D1187116-454F-4111-AA5E-A6453632EF1C}.Debug|Any CPU.Build.0 = Debug|Any CPU
		{D1187116-454F-4111-AA5E-A6453632EF1C}.Release|Any CPU.ActiveCfg = Release|Any CPU
		{D1187116-454F-4111-AA5E-A6453632EF1C}.Release|Any CPU.Build.0 = Release|Any CPU
	EndGlobalSection
	GlobalSection(SolutionProperties) = preSolution
		HideSolutionNode = FALSE
	EndGlobalSection
	GlobalSection(ExtensibilityGlobals) = postSolution
		SolutionGuid = {4709E9BA-FD73-4B6B-BBCC-0B01C5B2FF63}
	EndGlobalSection
EndGlobal
